{
  "nodes": {
    "nixpkgs": {
      "locked": {
        "lastModified": 1772465433,
        "narHash": "sha256-ywy9troNEfpgh0Ee+zaV1UTgU8kYBVKtvPSxh6clYGU=",
        "owner": "NixOS",
        "repo": "nixpkgs",
        "rev": "c581273b8d5bdf1c6ce7e0a54da9841e6a763913",
        "type": "github"
      },
      "original": {
        "owner": "NixOS",
        "ref": "nixos-25.11",
        "repo": "nixpkgs",
        "type": "github"
      }
    },
    "nixpkgs-master": {
      "locked": {
        "lastModified": 1772568249,
        "narHash": "sha256-QHmNGISssSWVbVU2o9MVztPgQ7UbtDzRF0wfKUIa0Nk=",
        "owner": "nixos",
        "repo": "nixpkgs",
        "rev": "b0f7b0c4707cb3185b06795f4a2d6a142cdce6d3",
        "type": "github"
      },
      "original": {
        "owner": "nixos",
        "ref": "master",
        "repo": "nixpkgs",
        "type": "github"
      }
    },
    "nixpkgs-unstable": {
      "locked": {
        "lastModified": 1772525000,
        "narHash": "sha256-M7kpjimt0jdEQzmin6ptszf8ev7TVzibyZNSLaLquMM=",
        "owner": "nixos",
        "repo": "nixpkgs",
        "rev": "72b1d820cb0149b40a35aa077b4b6d60cd1b23c3",
        "type": "github"
      },
      "original": {
        "owner": "nixos",
        "ref": "nixpkgs-unstable",
        "repo": "nixpkgs",
        "type": "github"
      }
    },
    "root": {
      "inputs": {
        "nixpkgs": "nixpkgs",
        "nixpkgs-master": "nixpkgs-master",
        "nixpkgs-unstable": "nixpkgs-unstable"
      }
    }
  },
  "root": "root",
  "version": 7
}
